
Microsoft Visual Studio Solution File, Format Version 12.00
# Visual Studio Version 17
VisualStudioVersion = 17.0.31903.59
MinimumVisualStudioVersion = 10.0.40219.1
Project("{FAE04EC0-301F-11D3-BF4B-00C04F79EFBC}") = "Pomodoro.Core", "src\Pomodoro.Core\Pomodoro.Core.csproj", "{0D65F8D4-2E9A-4AD2-AC77-8593E18232E8}"
EndProject
Project("{FAE04EC0-301F-11D3-BF4B-00C04F79EFBC}") = "AutoPomodoro.App", "src\Pomodoro.App\Pomodoro.App.csproj", "{DD82479A-AF4B-417A-B9FB-258936CBBD36}"
EndProject
Project("{FAE04EC0-301F-11D3-BF4B-00C04F79EFBC}") = "Pomodoro.Tests", "tests\Pomodoro.Tests\Pomodoro.Tests.csproj", "{CFED47ED-8742-44D7-A37E-E36D7FF4BFAC}"
EndProject
Global
	GlobalSection(SolutionConfigurationPlatforms) = preSolution
		Debug|Any CPU = Debug|Any CPU
		Release|Any CPU = Release|Any CPU
	EndGlobalSection
	GlobalSection(ProjectConfigurationPlatforms) = postSolution
		{0D65F8D4-2E9A-4AD2-AC77-8593E18232E8}.Debug|Any CPU.ActiveCfg = Debug|Any CPU
		{0D65F8D4-2E9A-4AD2-AC77-8593E18232E8}.Debug|Any CPU.Build.0 = Debug|Any CPU
		{0D65F8D4-2E9A-4AD2-AC77-8593E18232E8}.Release|Any CPU.ActiveCfg = Release|Any CPU
		{0D65F8D4-2E9A-4AD2-AC77-8593E18232E8}.Release|Any CPU.Build.0 = Release|Any CPU
		{DD82479A-AF4B-417A-B9FB-258936CBBD36}.Debug|Any CPU.ActiveCfg = Debug|Any CPU
		{DD82479A-AF4B-417A-B9FB-258936CBBD36}.Debug|Any CPU.Build.0 = Debug|Any CPU
		{DD82479A-AF4B-417A-B9FB-258936CBBD36}.Release|Any CPU.ActiveCfg = Release|Any CPU
		{DD82479A-AF4B-417A-B9FB-258936CBBD36}.Release|Any CPU.Build.0 = Release|Any CPU
		{CFED47ED-8742-44D7-A37E-E36D7FF4BFAC}.Debug|Any CPU.ActiveCfg = Debug|Any CPU
		{CFED47ED-8742-44D7-A37E-E36D7FF4BFAC}.Debug|Any CPU.Build.0 = Debug|Any CPU
		{CFED47ED-8742-44D7-A37E-E36D7FF4BFAC}.Release|Any CPU.ActiveCfg = Release|Any CPU
		{CFED47ED-8742-44D7-A37E-E36D7FF4BFAC}.Release|Any CPU.Build.0 = Release|Any CPU
	EndGlobalSection
EndGlobal
